// !$*UTF8*$!
{
	archiveVersion = 1;
	classes = {
	};
	objectVersion = 46;
	objects = {

/* Begin PBXBuildFile section */
		C9128C611C0BB15600F1D3E0 /* AppDelegate.swift in Sources */ = {isa = PBXBuildFile; fileRef = C9128C601C0BB15600F1D3E0 /* AppDelegate.swift */; };
		C9128C661C0BB15600F1D3E0 /* Main.storyboard in Resources */ = {isa = PBXBuildFile; fileRef = C9128C641C0BB15600F1D3E0 /* Main.storyboard */; };
		C9128C681C0BB15700F1D3E0 /* Assets.xcassets in Resources */ = {isa = PBXBuildFile; fileRef = C9128C671C0BB15700F1D3E0 /* Assets.xcassets */; };
		C9128C6B1C0BB15700F1D3E0 /* LaunchScreen.storyboard in Resources */ = {isa = PBXBuildFile; fileRef = C9128C691C0BB15700F1D3E0 /* LaunchScreen.storyboard */; };
		C9128C731C0BB37C00F1D3E0 /* TimerHeader.xib in Resources */ = {isa = PBXBuildFile; fileRef = C9128C721C0BB37C00F1D3E0 /* TimerHeader.xib */; };
		C9128C761C0BB60B00F1D3E0 /* TimerHeader.swift in Sources */ = {isa = PBXBuildFile; fileRef = C9128C751C0BB60B00F1D3E0 /* TimerHeader.swift */; };
		C9128C7A1C0BB91A00F1D3E0 /* TimerListController.swift in Sources */ = {isa = PBXBuildFile; fileRef = C9128C791C0BB91A00F1D3E0 /* TimerListController.swift */; };
		C9128C7C1C0BBC6900F1D3E0 /* TimerDetailController.swift in Sources */ = {isa = PBXBuildFile; fileRef = C9128C7B1C0BBC6900F1D3E0 /* TimerDetailController.swift */; };
		C9128C7F1C0BC40E00F1D3E0 /* ThymeTimer.swift in Sources */ = {isa = PBXBuildFile; fileRef = C9128C7E1C0BC40E00F1D3E0 /* ThymeTimer.swift */; };
		C9128C811C0BCA2400F1D3E0 /* TimerSegmentCell.swift in Sources */ = {isa = PBXBuildFile; fileRef = C9128C801C0BCA2400F1D3E0 /* TimerSegmentCell.swift */; };
		C9128C831C0BCAB300F1D3E0 /* TimerListCell.swift in Sources */ = {isa = PBXBuildFile; fileRef = C9128C821C0BCAB300F1D3E0 /* TimerListCell.swift */; };
		C9128C851C0BD02200F1D3E0 /* NSTimeInterval+Thyme.swift in Sources */ = {isa = PBXBuildFile; fileRef = C9128C841C0BD02200F1D3E0 /* NSTimeInterval+Thyme.swift */; };
		C9128C871C0BD47800F1D3E0 /* Constants.swift in Sources */ = {isa = PBXBuildFile; fileRef = C9128C861C0BD47800F1D3E0 /* Constants.swift */; };
		C9128C891C0C17DC00F1D3E0 /* TimerStore.swift in Sources */ = {isa = PBXBuildFile; fileRef = C9128C881C0C17DC00F1D3E0 /* TimerStore.swift */; };
		C9128C8B1C0C23F700F1D3E0 /* todo.txt in Resources */ = {isa = PBXBuildFile; fileRef = C9128C8A1C0C23F700F1D3E0 /* todo.txt */; };
/* End PBXBuildFile section */

/* Begin PBXFileReference section */
		C9128C5D1C0BB15600F1D3E0 /* Thyme.app */ = {isa = PBXFileReference; explicitFileType = wrapper.application; includeInIndex = 0; path = Thyme.app; sourceTree = BUILT_PRODUCTS_DIR; };
		C9128C601C0BB15600F1D3E0 /* AppDelegate.swift */ = {isa = PBXFileReference; lastKnownFileType = sourcecode.swift; path = AppDelegate.swift; sourceTree = "<group>"; };
		C9128C651C0BB15600F1D3E0 /* Base */ = {isa = PBXFileReference; lastKnownFileType = file.storyboard; name = Base; path = Base.lproj/Main.storyboard; sourceTree = "<group>"; };
		C9128C671C0BB15700F1D3E0 /* Assets.xcassets */ = {isa = PBXFileReference; lastKnownFileType = folder.assetcatalog; path = Assets.xcassets; sourceTree = "<group>"; };
		C9128C6A1C0BB15700F1D3E0 /* Base */ = {isa = PBXFileReference; lastKnownFileType = file.storyboard; name = Base; path = Base.lproj/LaunchScreen.storyboard; sourceTree = "<group>"; };
		C9128C6C1C0BB15700F1D3E0 /* Info.plist */ = {isa = PBXFileReference; lastKnownFileType = text.plist.xml; path = Info.plist; sourceTree = "<group>"; };
		C9128C721C0BB37C00F1D3E0 /* TimerHeader.xib */ = {isa = PBXFileReference; fileEncoding = 4; lastKnownFileType = file.xib; path = TimerHeader.xib; sourceTree = "<group>"; };
		C9128C751C0BB60B00F1D3E0 /* TimerHeader.swift */ = {isa = PBXFileReference; fileEncoding = 4; lastKnownFileType = sourcecode.swift; path = TimerHeader.swift; sourceTree = "<group>"; };
		C9128C791C0BB91A00F1D3E0 /* TimerListController.swift */ = {isa = PBXFileReference; fileEncoding = 4; lastKnownFileType = sourcecode.swift; path = TimerListController.swift; sourceTree = "<group>"; };
		C9128C7B1C0BBC6900F1D3E0 /* TimerDetailController.swift */ = {isa = PBXFileReference; fileEncoding = 4; lastKnownFileType = sourcecode.swift; path = TimerDetailController.swift; sourceTree = "<group>"; };
		C9128C7E1C0BC40E00F1D3E0 /* ThymeTimer.swift */ = {isa = PBXFileReference; fileEncoding = 4; lastKnownFileType = sourcecode.swift; path = ThymeTimer.swift; sourceTree = "<group>"; };
		C9128C801C0BCA2400F1D3E0 /* TimerSegmentCell.swift */ = {isa = PBXFileReference; fileEncoding = 4; lastKnownFileType = sourcecode.swift; path = TimerSegmentCell.swift; sourceTree = "<group>"; };
		C9128C821C0BCAB300F1D3E0 /* TimerListCell.swift */ = {isa = PBXFileReference; fileEncoding = 4; lastKnownFileType = sourcecode.swift; path = TimerListCell.swift; sourceTree = "<group>"; };
		C9128C841C0BD02200F1D3E0 /* NSTimeInterval+Thyme.swift */ = {isa = PBXFileReference; fileEncoding = 4; lastKnownFileType = sourcecode.swift; path = "NSTimeInterval+Thyme.swift"; sourceTree = "<group>"; };
		C9128C861C0BD47800F1D3E0 /* Constants.swift */ = {isa = PBXFileReference; fileEncoding = 4; lastKnownFileType = sourcecode.swift; path = Constants.swift; sourceTree = "<group>"; };
		C9128C881C0C17DC00F1D3E0 /* TimerStore.swift */ = {isa = PBXFileReference; fileEncoding = 4; lastKnownFileType = sourcecode.swift; path = TimerStore.swift; sourceTree = "<group>"; };
		C9128C8A1C0C23F700F1D3E0 /* todo.txt */ = {isa = PBXFileReference; fileEncoding = 4; lastKnownFileType = text; path = todo.txt; sourceTree = "<group>"; };
/* End PBXFileReference section */

/* Begin PBXFrameworksBuildPhase section */
		C9128C5A1C0BB15600F1D3E0 /* Frameworks */ = {
			isa = PBXFrameworksBuildPhase;
			buildActionMask = 2147483647;
			files = (
			);
			runOnlyForDeploymentPostprocessing = 0;
		};
/* End PBXFrameworksBuildPhase section */

/* Begin PBXGroup section */
		C9128C541C0BB15600F1D3E0 = {
			isa = PBXGroup;
			children = (
				C9128C5F1C0BB15600F1D3E0 /* Thyme */,
				C9128C5E1C0BB15600F1D3E0 /* Products */,
			);
			sourceTree = "<group>";
		};
		C9128C5E1C0BB15600F1D3E0 /* Products */ = {
			isa = PBXGroup;
			children = (
				C9128C5D1C0BB15600F1D3E0 /* Thyme.app */,
			);
			name = Products;
			sourceTree = "<group>";
		};
		C9128C5F1C0BB15600F1D3E0 /* Thyme */ = {
			isa = PBXGroup;
			children = (
				C9128C8A1C0C23F700F1D3E0 /* todo.txt */,
				C9128C7D1C0BC3FD00F1D3E0 /* Model */,
				C9128C781C0BB8FC00F1D3E0 /* Controllers */,
				C9128C771C0BB61100F1D3E0 /* Views */,
				C9128C741C0BB5E800F1D3E0 /* Interfaces */,
				C9128C601C0BB15600F1D3E0 /* AppDelegate.swift */,
				C9128C671C0BB15700F1D3E0 /* Assets.xcassets */,
				C9128C6C1C0BB15700F1D3E0 /* Info.plist */,
			);
			path = Thyme;
			sourceTree = "<group>";
		};
		C9128C741C0BB5E800F1D3E0 /* Interfaces */ = {
			isa = PBXGroup;
			children = (
				C9128C691C0BB15700F1D3E0 /* LaunchScreen.storyboard */,
				C9128C641C0BB15600F1D3E0 /* Main.storyboard */,
				C9128C721C0BB37C00F1D3E0 /* TimerHeader.xib */,
			);
			name = Interfaces;
			sourceTree = "<group>";
		};
		C9128C771C0BB61100F1D3E0 /* Views */ = {
			isa = PBXGroup;
			children = (
				C9128C751C0BB60B00F1D3E0 /* TimerHeader.swift */,
				C9128C801C0BCA2400F1D3E0 /* TimerSegmentCell.swift */,
				C9128C821C0BCAB300F1D3E0 /* TimerListCell.swift */,
			);
			name = Views;
			sourceTree = "<group>";
		};
		C9128C781C0BB8FC00F1D3E0 /* Controllers */ = {
			isa = PBXGroup;
			children = (
				C9128C791C0BB91A00F1D3E0 /* TimerListController.swift */,
				C9128C7B1C0BBC6900F1D3E0 /* TimerDetailController.swift */,
			);
			name = Controllers;
			sourceTree = "<group>";
		};
		C9128C7D1C0BC3FD00F1D3E0 /* Model */ = {
			isa = PBXGroup;
			children = (
				C9128C861C0BD47800F1D3E0 /* Constants.swift */,
				C9128C7E1C0BC40E00F1D3E0 /* ThymeTimer.swift */,
				C9128C841C0BD02200F1D3E0 /* NSTimeInterval+Thyme.swift */,
				C9128C881C0C17DC00F1D3E0 /* TimerStore.swift */,
			);
			name = Model;
			sourceTree = "<group>";
		};
/* End PBXGroup section */

/* Begin PBXNativeTarget section */
		C9128C5C1C0BB15600F1D3E0 /* Thyme */ = {
			isa = PBXNativeTarget;
			buildConfigurationList = C9128C6F1C0BB15700F1D3E0 /* Build configuration list for PBXNativeTarget "Thyme" */;
			buildPhases = (
				C9128C591C0BB15600F1D3E0 /* Sources */,
				C9128C5A1C0BB15600F1D3E0 /* Frameworks */,
				C9128C5B1C0BB15600F1D3E0 /* Resources */,
			);
			buildRules = (
			);
			dependencies = (
			);
			name = Thyme;
			productName = Thyme;
			productReference = C9128C5D1C0BB15600F1D3E0 /* Thyme.app */;
			productType = "com.apple.product-type.application";
		};
/* End PBXNativeTarget section */

/* Begin PBXProject section */
		C9128C551C0BB15600F1D3E0 /* Project object */ = {
			isa = PBXProject;
			attributes = {
				LastSwiftUpdateCheck = 0710;
				LastUpgradeCheck = 0710;
				ORGANIZATIONNAME = "Matt Nichols";
				TargetAttributes = {
					C9128C5C1C0BB15600F1D3E0 = {
						CreatedOnToolsVersion = 7.1.1;
					};
				};
			};
			buildConfigurationList = C9128C581C0BB15600F1D3E0 /* Build configuration list for PBXProject "Thyme" */;
			compatibilityVersion = "Xcode 3.2";
			developmentRegion = English;
			hasScannedForEncodings = 0;
			knownRegions = (
				en,
				Base,
			);
			mainGroup = C9128C541C0BB15600F1D3E0;
			productRefGroup = C9128C5E1C0BB15600F1D3E0 /* Products */;
			projectDirPath = "";
			projectRoot = "";
			targets = (
				C9128C5C1C0BB15600F1D3E0 /* Thyme */,
			);
		};
/* End PBXProject section */

/* Begin PBXResourcesBuildPhase section */
		C9128C5B1C0BB15600F1D3E0 /* Resources */ = {
			isa = PBXResourcesBuildPhase;
			buildActionMask = 2147483647;
			files = (
				C9128C731C0BB37C00F1D3E0 /* TimerHeader.xib in Resources */,
				C9128C6B1C0BB15700F1D3E0 /* LaunchScreen.storyboard in Resources */,
				C9128C681C0BB15700F1D3E0 /* Assets.xcassets in Resources */,
				C9128C661C0BB15600F1D3E0 /* Main.storyboard in Resources */,
				C9128C8B1C0C23F700F1D3E0 /* todo.txt in Resources */,
			);
			runOnlyForDeploymentPostprocessing = 0;
		};
/* End PBXResourcesBuildPhase section */

/* Begin PBXSourcesBuildPhase section */
		C9128C591C0BB15600F1D3E0 /* Sources */ = {
			isa = PBXSourcesBuildPhase;
			buildActionMask = 2147483647;
			files = (
				C9128C831C0BCAB300F1D3E0 /* TimerListCell.swift in Sources */,
				C9128C761C0BB60B00F1D3E0 /* TimerHeader.swift in Sources */,
				C9128C611C0BB15600F1D3E0 /* AppDelegate.swift in Sources */,
				C9128C7C1C0BBC6900F1D3E0 /* TimerDetailController.swift in Sources */,
				C9128C851C0BD02200F1D3E0 /* NSTimeInterval+Thyme.swift in Sources */,
				C9128C7F1C0BC40E00F1D3E0 /* ThymeTimer.swift in Sources */,
				C9128C7A1C0BB91A00F1D3E0 /* TimerListController.swift in Sources */,
				C9128C811C0BCA2400F1D3E0 /* TimerSegmentCell.swift in Sources */,
				C9128C871C0BD47800F1D3E0 /* Constants.swift in Sources */,
				C9128C891C0C17DC00F1D3E0 /* TimerStore.swift in Sources */,
			);
			runOnlyForDeploymentPostprocessing = 0;
		};
/* End PBXSourcesBuildPhase section */

/* Begin PBXVariantGroup section */
		C9128C641C0BB15600F1D3E0 /* Main.storyboard */ = {
			isa = PBXVariantGroup;
			children = (
				C9128C651C0BB15600F1D3E0 /* Base */,
			);
			name = Main.storyboard;
			sourceTree = "<group>";
		};
		C9128C691C0BB15700F1D3E0 /* LaunchScreen.storyboard */ = {
			isa = PBXVariantGroup;
			children = (
				C9128C6A1C0BB15700F1D3E0 /* Base */,
			);
			name = LaunchScreen.storyboard;
			sourceTree = "<group>";
		};
/* End PBXVariantGroup section */

/* Begin XCBuildConfiguration section */
		C9128C6D1C0BB15700F1D3E0 /* Debug */ = {
			isa = XCBuildConfiguration;
			buildSettings = {
				ALWAYS_SEARCH_USER_PATHS = NO;
				CLANG_CXX_LANGUAGE_STANDARD = "gnu++0x";
				CLANG_CXX_LIBRARY = "libc++";
				CLANG_ENABLE_MODULES = YES;
				CLANG_ENABLE_OBJC_ARC = YES;
				CLANG_WARN_BOOL_CONVERSION = YES;
				CLANG_WARN_CONSTANT_CONVERSION = YES;
				CLANG_WARN_DIRECT_OBJC_ISA_USAGE = YES_ERROR;
				CLANG_WARN_EMPTY_BODY = YES;
				CLANG_WARN_ENUM_CONVERSION = YES;
				CLANG_WARN_INT_CONVERSION = YES;
				CLANG_WARN_OBJC_ROOT_CLASS = YES_ERROR;
				CLANG_WARN_UNREACHABLE_CODE = YES;
				CLANG_WARN__DUPLICATE_METHOD_MATCH = YES;
				"CODE_SIGN_IDENTITY[sdk=iphoneos*]" = "iPhone Developer";
				COPY_PHASE_STRIP = NO;
				DEBUG_INFORMATION_FORMAT = dwarf;
				ENABLE_STRICT_OBJC_MSGSEND = YES;
				ENABLE_TESTABILITY = YES;
				GCC_C_LANGUAGE_STANDARD = gnu99;
				GCC_DYNAMIC_NO_PIC = NO;
				GCC_NO_COMMON_BLOCKS = YES;
				GCC_OPTIMIZATION_LEVEL = 0;
				GCC_PREPROCESSOR_DEFINITIONS = (
					"DEBUG=1",
					"$(inherited)",
				);
				GCC_WARN_64_TO_32_BIT_CONVERSION = YES;
				GCC_WARN_ABOUT_RETURN_TYPE = YES_ERROR;
				GCC_WARN_UNDECLARED_SELECTOR = YES;
				GCC_WARN_UNINITIALIZED_AUTOS = YES_AGGRESSIVE;
				GCC_WARN_UNUSED_FUNCTION = YES;
				GCC_WARN_UNUSED_VARIABLE = YES;
				IPHONEOS_DEPLOYMENT_TARGET = 9.1;
				MTL_ENABLE_DEBUG_INFO = YES;
				ONLY_ACTIVE_ARCH = YES;
				SDKROOT = iphoneos;
				SWIFT_OPTIMIZATION_LEVEL = "-Onone";
			};
			name = Debug;
		};
		C9128C6E1C0BB15700F1D3E0 /* Release */ = {
			isa = XCBuildConfiguration;
			buildSettings = {
				ALWAYS_SEARCH_USER_PATHS = NO;
				CLANG_CXX_LANGUAGE_STANDARD = "gnu++0x";
				CLANG_CXX_LIBRARY = "libc++";
				CLANG_ENABLE_MODULES = YES;
				CLANG_ENABLE_OBJC_ARC = YES;
				CLANG_WARN_BOOL_CONVERSION = YES;
				CLANG_WARN_CONSTANT_CONVERSION = YES;
				CLANG_WARN_DIRECT_OBJC_ISA_USAGE = YES_ERROR;
				CLANG_WARN_EMPTY_BODY = YES;
				CLANG_WARN_ENUM_CONVERSION = YES;
				CLANG_WARN_INT_CONVERSION = YES;
				CLANG_WARN_OBJC_ROOT_CLASS = YES_ERROR;
				CLANG_WARN_UNREACHABLE_CODE = YES;
				CLANG_WARN__DUPLICATE_METHOD_MATCH = YES;
				"CODE_SIGN_IDENTITY[sdk=iphoneos*]" = "iPhone Developer";
				COPY_PHASE_STRIP = NO;
				DEBUG_INFORMATION_FORMAT = "dwarf-with-dsym";
				ENABLE_NS_ASSERTIONS = NO;
				ENABLE_STRICT_OBJC_MSGSEND = YES;
				GCC_C_LANGUAGE_STANDARD = gnu99;
				GCC_NO_COMMON_BLOCKS = YES;
				GCC_WARN_64_TO_32_BIT_CONVERSION = YES;
				GCC_WARN_ABOUT_RETURN_TYPE = YES_ERROR;
				GCC_WARN_UNDECLARED_SELECTOR = YES;
				GCC_WARN_UNINITIALIZED_AUTOS = YES_AGGRESSIVE;
				GCC_WARN_UNUSED_FUNCTION = YES;
				GCC_WARN_UNUSED_VARIABLE = YES;
				IPHONEOS_DEPLOYMENT_TARGET = 9.1;
				MTL_ENABLE_DEBUG_INFO = NO;
				SDKROOT = iphoneos;
				VALIDATE_PRODUCT = YES;
			};
			name = Release;
		};
		C9128C701C0BB15700F1D3E0 /* Debug */ = {
			isa = XCBuildConfiguration;
			buildSettings = {
				ASSETCATALOG_COMPILER_APPICON_NAME = AppIcon;
				INFOPLIST_FILE = Thyme/Info.plist;
				LD_RUNPATH_SEARCH_PATHS = "$(inherited) @executable_path/Frameworks";
				PRODUCT_BUNDLE_IDENTIFIER = biz.man1.Thyme;
				PRODUCT_NAME = "$(TARGET_NAME)";
			};
			name = Debug;
		};
		C9128C711C0BB15700F1D3E0 /* Release */ = {
			isa = XCBuildConfiguration;
			buildSettings = {
				ASSETCATALOG_COMPILER_APPICON_NAME = AppIcon;
				INFOPLIST_FILE = Thyme/Info.plist;
				LD_RUNPATH_SEARCH_PATHS = "$(inherited) @executable_path/Frameworks";
				PRODUCT_BUNDLE_IDENTIFIER = biz.man1.Thyme;
				PRODUCT_NAME = "$(TARGET_NAME)";
			};
			name = Release;
		};
/* End XCBuildConfiguration section */

/* Begin XCConfigurationList section */
		C9128C581C0BB15600F1D3E0 /* Build configuration list for PBXProject "Thyme" */ = {
			isa = XCConfigurationList;
			buildConfigurations = (
				C9128C6D1C0BB15700F1D3E0 /* Debug */,
				C9128C6E1C0BB15700F1D3E0 /* Release */,
			);
			defaultConfigurationIsVisible = 0;
			defaultConfigurationName = Release;
		};
		C9128C6F1C0BB15700F1D3E0 /* Build configuration list for PBXNativeTarget "Thyme" */ = {
			isa = XCConfigurationList;
			buildConfigurations = (
				C9128C701C0BB15700F1D3E0 /* Debug */,
				C9128C711C0BB15700F1D3E0 /* Release */,
			);
			defaultConfigurationIsVisible = 0;
		};
/* End XCConfigurationList section */
	};
	rootObject = C9128C551C0BB15600F1D3E0 /* Project object */;
}
